{
  "name": "story-workbench",
  "version": "0.2.0",
  "lockfileVersion": 3,
  "requires": true,
  "packages": {
    "": {
      "name": "story-workbench",
      "version": "0.2.0",
      "license": "MIT",
      "bin": {
        "story-qc": "src/cli.js",
        "story-release": "src/release-cli.js",
        "story-workflow": "src/workflow-cli.js"
      },
      "engines": {
        "node": ">=20"
      }
    }
  }
}
